// !$*UTF8*$!
{
	archiveVersion = 1;
	classes = {
	};
	objectVersion = 60;
	objects = {

/* Begin PBXBuildFile section */
		E414CD7E2C84725000EE3922 /* QuestionCell.m in Sources */ = {isa = PBXBuildFile; fileRef = E414CD7D2C84725000EE3922 /* QuestionCell.m */; };
		E414CD802C84B4A300EE3922 /* NSView+Constraint.m in Sources */ = {isa = PBXBuildFile; fileRef = E414CD7F2C84B4A300EE3922 /* NSView+Constraint.m */; };
		E44803C02C831F58000E144B /* AppDelegate.m in Sources */ = {isa = PBXBuildFile; fileRef = E44803BF2C831F58000E144B /* AppDelegate.m */; };
		E44803C32C831F58000E144B /* ViewController.m in Sources */ = {isa = PBXBuildFile; fileRef = E44803C22C831F58000E144B /* ViewController.m */; };
		E44803C52C831F5A000E144B /* Assets.xcassets in Resources */ = {isa = PBXBuildFile; fileRef = E44803C42C831F5A000E144B /* Assets.xcassets */; };
		E44803C82C831F5A000E144B /* Main.storyboard in Resources */ = {isa = PBXBuildFile; fileRef = E44803C62C831F5A000E144B /* Main.storyboard */; };
		E44803CA2C831F5A000E144B /* main.m in Sources */ = {isa = PBXBuildFile; fileRef = E44803C92C831F5A000E144B /* main.m */; };
		E450FB782C8B656400B738BA /* ResultViewController.m in Sources */ = {isa = PBXBuildFile; fileRef = E450FB772C8B656400B738BA /* ResultViewController.m */; };
		E4A10C5B2C85AC1B00E5055C /* QuestionKitObjc in Frameworks */ = {isa = PBXBuildFile; productRef = E4A10C5A2C85AC1B00E5055C /* QuestionKitObjc */; };
		E4A10C5E2C85AD5800E5055C /* QuestionView.m in Sources */ = {isa = PBXBuildFile; fileRef = E4A10C5D2C85AD5800E5055C /* QuestionView.m */; };
		E4A10C652C85C99100E5055C /* QuestionDetalView.m in Sources */ = {isa = PBXBuildFile; fileRef = E4A10C642C85C99100E5055C /* QuestionDetalView.m */; };
/* End PBXBuildFile section */

/* Begin PBXFileReference section */
		E414CD7C2C8471F000EE3922 /* QuestionCell.h */ = {isa = PBXFileReference; lastKnownFileType = sourcecode.c.h; path = QuestionCell.h; sourceTree = "<group>"; };
		E414CD7D2C84725000EE3922 /* QuestionCell.m */ = {isa = PBXFileReference; lastKnownFileType = sourcecode.c.objc; path = QuestionCell.m; sourceTree = "<group>"; };
		E414CD7F2C84B4A300EE3922 /* NSView+Constraint.m */ = {isa = PBXFileReference; lastKnownFileType = sourcecode.c.objc; path = "NSView+Constraint.m"; sourceTree = "<group>"; };
		E414CD812C84B70700EE3922 /* NSView+Constraint.h */ = {isa = PBXFileReference; lastKnownFileType = sourcecode.c.h; path = "NSView+Constraint.h"; sourceTree = "<group>"; };
		E44803BB2C831F58000E144B /* QuestionAnswererObjc.app */ = {isa = PBXFileReference; explicitFileType = wrapper.application; includeInIndex = 0; path = QuestionAnswererObjc.app; sourceTree = BUILT_PRODUCTS_DIR; };
		E44803BE2C831F58000E144B /* AppDelegate.h */ = {isa = PBXFileReference; lastKnownFileType = sourcecode.c.h; path = AppDelegate.h; sourceTree = "<group>"; };
		E44803BF2C831F58000E144B /* AppDelegate.m */ = {isa = PBXFileReference; lastKnownFileType = sourcecode.c.objc; path = AppDelegate.m; sourceTree = "<group>"; };
		E44803C12C831F58000E144B /* ViewController.h */ = {isa = PBXFileReference; lastKnownFileType = sourcecode.c.h; path = ViewController.h; sourceTree = "<group>"; };
		E44803C22C831F58000E144B /* ViewController.m */ = {isa = PBXFileReference; lastKnownFileType = sourcecode.c.objc; path = ViewController.m; sourceTree = "<group>"; };
		E44803C42C831F5A000E144B /* Assets.xcassets */ = {isa = PBXFileReference; lastKnownFileType = folder.assetcatalog; path = Assets.xcassets; sourceTree = "<group>"; };
		E44803C72C831F5A000E144B /* Base */ = {isa = PBXFileReference; lastKnownFileType = file.storyboard; name = Base; path = Base.lproj/Main.storyboard; sourceTree = "<group>"; };
		E44803C92C831F5A000E144B /* main.m */ = {isa = PBXFileReference; lastKnownFileType = sourcecode.c.objc; path = main.m; sourceTree = "<group>"; };
		E44803CB2C831F5A000E144B /* QuestionAnswererObjc.entitlements */ = {isa = PBXFileReference; lastKnownFileType = text.plist.entitlements; path = QuestionAnswererObjc.entitlements; sourceTree = "<group>"; };
		E450FB762C8B653600B738BA /* ResultViewController.h */ = {isa = PBXFileReference; lastKnownFileType = sourcecode.c.h; path = ResultViewController.h; sourceTree = "<group>"; };
		E450FB772C8B656400B738BA /* ResultViewController.m */ = {isa = PBXFileReference; lastKnownFileType = sourcecode.c.objc; path = ResultViewController.m; sourceTree = "<group>"; };
		E4A10C5C2C85ACFA00E5055C /* QuestionView.h */ = {isa = PBXFileReference; lastKnownFileType = sourcecode.c.h; path = QuestionView.h; sourceTree = "<group>"; };
		E4A10C5D2C85AD5800E5055C /* QuestionView.m */ = {isa = PBXFileReference; lastKnownFileType = sourcecode.c.objc; path = QuestionView.m; sourceTree = "<group>"; };
		E4A10C632C85C98600E5055C /* QuestionDetailView.h */ = {isa = PBXFileReference; lastKnownFileType = sourcecode.c.h; path = QuestionDetailView.h; sourceTree = "<group>"; };
		E4A10C642C85C99100E5055C /* QuestionDetalView.m */ = {isa = PBXFileReference; lastKnownFileType = sourcecode.c.objc; path = QuestionDetalView.m; sourceTree = "<group>"; };
/* End PBXFileReference section */

/* Begin PBXFrameworksBuildPhase section */
		E44803B82C831F58000E144B /* Frameworks */ = {
			isa = PBXFrameworksBuildPhase;
			buildActionMask = 2147483647;
			files = (
				E4A10C5B2C85AC1B00E5055C /* QuestionKitObjc in Frameworks */,
			);
			runOnlyForDeploymentPostprocessing = 0;
		};
/* End PBXFrameworksBuildPhase section */

/* Begin PBXGroup section */
		E44803B22C831F58000E144B = {
			isa = PBXGroup;
			children = (
				E44803BD2C831F58000E144B /* QuestionAnswererObjc */,
				E44803BC2C831F58000E144B /* Products */,
				E4A10C592C85AC1B00E5055C /* Frameworks */,
			);
			sourceTree = "<group>";
		};
		E44803BC2C831F58000E144B /* Products */ = {
			isa = PBXGroup;
			children = (
				E44803BB2C831F58000E144B /* QuestionAnswererObjc.app */,
			);
			name = Products;
			sourceTree = "<group>";
		};
		E44803BD2C831F58000E144B /* QuestionAnswererObjc */ = {
			isa = PBXGroup;
			children = (
				E44803BE2C831F58000E144B /* AppDelegate.h */,
				E44803BF2C831F58000E144B /* AppDelegate.m */,
				E44803C12C831F58000E144B /* ViewController.h */,
				E44803C22C831F58000E144B /* ViewController.m */,
				E44803C42C831F5A000E144B /* Assets.xcassets */,
				E44803C62C831F5A000E144B /* Main.storyboard */,
				E44803C92C831F5A000E144B /* main.m */,
				E44803CB2C831F5A000E144B /* QuestionAnswererObjc.entitlements */,
				E414CD7C2C8471F000EE3922 /* QuestionCell.h */,
				E414CD7D2C84725000EE3922 /* QuestionCell.m */,
				E414CD7F2C84B4A300EE3922 /* NSView+Constraint.m */,
				E414CD812C84B70700EE3922 /* NSView+Constraint.h */,
				E4A10C5C2C85ACFA00E5055C /* QuestionView.h */,
				E4A10C5D2C85AD5800E5055C /* QuestionView.m */,
				E4A10C632C85C98600E5055C /* QuestionDetailView.h */,
				E4A10C642C85C99100E5055C /* QuestionDetalView.m */,
				E450FB762C8B653600B738BA /* ResultViewController.h */,
				E450FB772C8B656400B738BA /* ResultViewController.m */,
			);
			path = QuestionAnswererObjc;
			sourceTree = "<group>";
		};
		E4A10C592C85AC1B00E5055C /* Frameworks */ = {
			isa = PBXGroup;
			children = (
			);
			name = Frameworks;
			sourceTree = "<group>";
		};
/* End PBXGroup section */

/* Begin PBXNativeTarget section */
		E44803BA2C831F58000E144B /* QuestionAnswererObjc */ = {
			isa = PBXNativeTarget;
			buildConfigurationList = E44803CE2C831F5A000E144B /* Build configuration list for PBXNativeTarget "QuestionAnswererObjc" */;
			buildPhases = (
				E44803B72C831F58000E144B /* Sources */,
				E44803B82C831F58000E144B /* Frameworks */,
				E44803B92C831F58000E144B /* Resources */,
			);
			buildRules = (
			);
			dependencies = (
			);
			name = QuestionAnswererObjc;
			packageProductDependencies = (
				E4A10C5A2C85AC1B00E5055C /* QuestionKitObjc */,
			);
			productName = QuestionAnswererObjc;
			productReference = E44803BB2C831F58000E144B /* QuestionAnswererObjc.app */;
			productType = "com.apple.product-type.application";
		};
/* End PBXNativeTarget section */

/* Begin PBXProject section */
		E44803B32C831F58000E144B /* Project object */ = {
			isa = PBXProject;
			attributes = {
				BuildIndependentTargetsInParallel = 1;
				LastUpgradeCheck = 1510;
				TargetAttributes = {
					E44803BA2C831F58000E144B = {
						CreatedOnToolsVersion = 15.1;
					};
				};
			};
			buildConfigurationList = E44803B62C831F58000E144B /* Build configuration list for PBXProject "QuestionAnswererObjc" */;
			compatibilityVersion = "Xcode 14.0";
			developmentRegion = en;
			hasScannedForEncodings = 0;
			knownRegions = (
				en,
				Base,
			);
			mainGroup = E44803B22C831F58000E144B;
			packageReferences = (
				E4A10C562C85A5F200E5055C /* XCLocalSwiftPackageReference "../QuestionKit" */,
			);
			productRefGroup = E44803BC2C831F58000E144B /* Products */;
			projectDirPath = "";
			projectRoot = "";
			targets = (
				E44803BA2C831F58000E144B /* QuestionAnswererObjc */,
			);
		};
/* End PBXProject section */

/* Begin PBXResourcesBuildPhase section */
		E44803B92C831F58000E144B /* Resources */ = {
			isa = PBXResourcesBuildPhase;
			buildActionMask = 2147483647;
			files = (
				E44803C52C831F5A000E144B /* Assets.xcassets in Resources */,
				E44803C82C831F5A000E144B /* Main.storyboard in Resources */,
			);
			runOnlyForDeploymentPostprocessing = 0;
		};
/* End PBXResourcesBuildPhase section */

/* Begin PBXSourcesBuildPhase section */
		E44803B72C831F58000E144B /* Sources */ = {
			isa = PBXSourcesBuildPhase;
			buildActionMask = 2147483647;
			files = (
				E44803C32C831F58000E144B /* ViewController.m in Sources */,
				E450FB782C8B656400B738BA /* ResultViewController.m in Sources */,
				E414CD7E2C84725000EE3922 /* QuestionCell.m in Sources */,
				E4A10C5E2C85AD5800E5055C /* QuestionView.m in Sources */,
				E4A10C652C85C99100E5055C /* QuestionDetalView.m in Sources */,
				E44803CA2C831F5A000E144B /* main.m in Sources */,
				E414CD802C84B4A300EE3922 /* NSView+Constraint.m in Sources */,
				E44803C02C831F58000E144B /* AppDelegate.m in Sources */,
			);
			runOnlyForDeploymentPostprocessing = 0;
		};
/* End PBXSourcesBuildPhase section */

/* Begin PBXVariantGroup section */
		E44803C62C831F5A000E144B /* Main.storyboard */ = {
			isa = PBXVariantGroup;
			children = (
				E44803C72C831F5A000E144B /* Base */,
			);
			name = Main.storyboard;
			sourceTree = "<group>";
		};
/* End PBXVariantGroup section */

/* Begin XCBuildConfiguration section */
		E44803CC2C831F5A000E144B /* Debug */ = {
			isa = XCBuildConfiguration;
			buildSettings = {
				ALWAYS_SEARCH_USER_PATHS = NO;
				ASSETCATALOG_COMPILER_GENERATE_SWIFT_ASSET_SYMBOL_EXTENSIONS = YES;
				CLANG_ANALYZER_NONNULL = YES;
				CLANG_ANALYZER_NUMBER_OBJECT_CONVERSION = YES_AGGRESSIVE;
				CLANG_CXX_LANGUAGE_STANDARD = "gnu++20";
				CLANG_ENABLE_MODULES = YES;
				CLANG_ENABLE_OBJC_ARC = YES;
				CLANG_ENABLE_OBJC_WEAK = YES;
				CLANG_WARN_BLOCK_CAPTURE_AUTORELEASING = YES;
				CLANG_WARN_BOOL_CONVERSION = YES;
				CLANG_WARN_COMMA = YES;
				CLANG_WARN_CONSTANT_CONVERSION = YES;
				CLANG_WARN_DEPRECATED_OBJC_IMPLEMENTATIONS = YES;
				CLANG_WARN_DIRECT_OBJC_ISA_USAGE = YES_ERROR;
				CLANG_WARN_DOCUMENTATION_COMMENTS = YES;
				CLANG_WARN_EMPTY_BODY = YES;
				CLANG_WARN_ENUM_CONVERSION = YES;
				CLANG_WARN_INFINITE_RECURSION = YES;
				CLANG_WARN_INT_CONVERSION = YES;
				CLANG_WARN_NON_LITERAL_NULL_CONVERSION = YES;
				CLANG_WARN_OBJC_IMPLICIT_RETAIN_SELF = YES;
				CLANG_WARN_OBJC_LITERAL_CONVERSION = YES;
				CLANG_WARN_OBJC_ROOT_CLASS = YES_ERROR;
				CLANG_WARN_QUOTED_INCLUDE_IN_FRAMEWORK_HEADER = YES;
				CLANG_WARN_RANGE_LOOP_ANALYSIS = YES;
				CLANG_WARN_STRICT_PROTOTYPES = YES;
				CLANG_WARN_SUSPICIOUS_MOVE = YES;
				CLANG_WARN_UNGUARDED_AVAILABILITY = YES_AGGRESSIVE;
				CLANG_WARN_UNREACHABLE_CODE = YES;
				CLANG_WARN__DUPLICATE_METHOD_MATCH = YES;
				COPY_PHASE_STRIP = NO;
				DEBUG_INFORMATION_FORMAT = dwarf;
				ENABLE_STRICT_OBJC_MSGSEND = YES;
				ENABLE_TESTABILITY = YES;
				ENABLE_USER_SCRIPT_SANDBOXING = YES;
				GCC_C_LANGUAGE_STANDARD = gnu17;
				GCC_DYNAMIC_NO_PIC = NO;
				GCC_NO_COMMON_BLOCKS = YES;
				GCC_OPTIMIZATION_LEVEL = 0;
				GCC_PREPROCESSOR_DEFINITIONS = (
					"DEBUG=1",
					"$(inherited)",
				);
				GCC_WARN_64_TO_32_BIT_CONVERSION = YES;
				GCC_WARN_ABOUT_RETURN_TYPE = YES_ERROR;
				GCC_WARN_UNDECLARED_SELECTOR = YES;
				GCC_WARN_UNINITIALIZED_AUTOS = YES_AGGRESSIVE;
				GCC_WARN_UNUSED_FUNCTION = YES;
				GCC_WARN_UNUSED_VARIABLE = YES;
				LOCALIZATION_PREFERS_STRING_CATALOGS = YES;
				MACOSX_DEPLOYMENT_TARGET = 14.2;
				MTL_ENABLE_DEBUG_INFO = INCLUDE_SOURCE;
				MTL_FAST_MATH = YES;
				ONLY_ACTIVE_ARCH = YES;
				SDKROOT = macosx;
			};
			name = Debug;
		};
		E44803CD2C831F5A000E144B /* Release */ = {
			isa = XCBuildConfiguration;
			buildSettings = {
				ALWAYS_SEARCH_USER_PATHS = NO;
				ASSETCATALOG_COMPILER_GENERATE_SWIFT_ASSET_SYMBOL_EXTENSIONS = YES;
				CLANG_ANALYZER_NONNULL = YES;
				CLANG_ANALYZER_NUMBER_OBJECT_CONVERSION = YES_AGGRESSIVE;
				CLANG_CXX_LANGUAGE_STANDARD = "gnu++20";
				CLANG_ENABLE_MODULES = YES;
				CLANG_ENABLE_OBJC_ARC = YES;
				CLANG_ENABLE_OBJC_WEAK = YES;
				CLANG_WARN_BLOCK_CAPTURE_AUTORELEASING = YES;
				CLANG_WARN_BOOL_CONVERSION = YES;
				CLANG_WARN_COMMA = YES;
				CLANG_WARN_CONSTANT_CONVERSION = YES;
				CLANG_WARN_DEPRECATED_OBJC_IMPLEMENTATIONS = YES;
				CLANG_WARN_DIRECT_OBJC_ISA_USAGE = YES_ERROR;
				CLANG_WARN_DOCUMENTATION_COMMENTS = YES;
				CLANG_WARN_EMPTY_BODY = YES;
				CLANG_WARN_ENUM_CONVERSION = YES;
				CLANG_WARN_INFINITE_RECURSION = YES;
				CLANG_WARN_INT_CONVERSION = YES;
				CLANG_WARN_NON_LITERAL_NULL_CONVERSION = YES;
				CLANG_WARN_OBJC_IMPLICIT_RETAIN_SELF = YES;
				CLANG_WARN_OBJC_LITERAL_CONVERSION = YES;
				CLANG_WARN_OBJC_ROOT_CLASS = YES_ERROR;
				CLANG_WARN_QUOTED_INCLUDE_IN_FRAMEWORK_HEADER = YES;
				CLANG_WARN_RANGE_LOOP_ANALYSIS = YES;
				CLANG_WARN_STRICT_PROTOTYPES = YES;
				CLANG_WARN_SUSPICIOUS_MOVE = YES;
				CLANG_WARN_UNGUARDED_AVAILABILITY = YES_AGGRESSIVE;
				CLANG_WARN_UNREACHABLE_CODE = YES;
				CLANG_WARN__DUPLICATE_METHOD_MATCH = YES;
				COPY_PHASE_STRIP = NO;
				DEBUG_INFORMATION_FORMAT = "dwarf-with-dsym";
				ENABLE_NS_ASSERTIONS = NO;
				ENABLE_STRICT_OBJC_MSGSEND = YES;
				ENABLE_USER_SCRIPT_SANDBOXING = YES;
				GCC_C_LANGUAGE_STANDARD = gnu17;
				GCC_NO_COMMON_BLOCKS = YES;
				GCC_WARN_64_TO_32_BIT_CONVERSION = YES;
				GCC_WARN_ABOUT_RETURN_TYPE = YES_ERROR;
				GCC_WARN_UNDECLARED_SELECTOR = YES;
				GCC_WARN_UNINITIALIZED_AUTOS = YES_AGGRESSIVE;
				GCC_WARN_UNUSED_FUNCTION = YES;
				GCC_WARN_UNUSED_VARIABLE = YES;
				LOCALIZATION_PREFERS_STRING_CATALOGS = YES;
				MACOSX_DEPLOYMENT_TARGET = 14.2;
				MTL_ENABLE_DEBUG_INFO = NO;
				MTL_FAST_MATH = YES;
				SDKROOT = macosx;
			};
			name = Release;
		};
		E44803CF2C831F5A000E144B /* Debug */ = {
			isa = XCBuildConfiguration;
			buildSettings = {
				ASSETCATALOG_COMPILER_APPICON_NAME = AppIcon;
				ASSETCATALOG_COMPILER_GLOBAL_ACCENT_COLOR_NAME = AccentColor;
				CODE_SIGN_ENTITLEMENTS = QuestionAnswererObjc/QuestionAnswererObjc.entitlements;
				CODE_SIGN_STYLE = Automatic;
				COMBINE_HIDPI_IMAGES = YES;
				CURRENT_PROJECT_VERSION = 1;
				GENERATE_INFOPLIST_FILE = YES;
				INFOPLIST_KEY_NSHumanReadableCopyright = "";
				INFOPLIST_KEY_NSMainStoryboardFile = Main;
				INFOPLIST_KEY_NSPrincipalClass = NSApplication;
				LD_RUNPATH_SEARCH_PATHS = (
					"$(inherited)",
					"@executable_path/../Frameworks",
				);
				MARKETING_VERSION = 1.0;
				PRODUCT_BUNDLE_IDENTIFIER = com.wuttup.QuestionAnswererObjc;
				PRODUCT_NAME = "$(TARGET_NAME)";
				SWIFT_EMIT_LOC_STRINGS = YES;
			};
			name = Debug;
		};
		E44803D02C831F5A000E144B /* Release */ = {
			isa = XCBuildConfiguration;
			buildSettings = {
				ASSETCATALOG_COMPILER_APPICON_NAME = AppIcon;
				ASSETCATALOG_COMPILER_GLOBAL_ACCENT_COLOR_NAME = AccentColor;
				CODE_SIGN_ENTITLEMENTS = QuestionAnswererObjc/QuestionAnswererObjc.entitlements;
				CODE_SIGN_STYLE = Automatic;
				COMBINE_HIDPI_IMAGES = YES;
				CURRENT_PROJECT_VERSION = 1;
				GENERATE_INFOPLIST_FILE = YES;
				INFOPLIST_KEY_NSHumanReadableCopyright = "";
				INFOPLIST_KEY_NSMainStoryboardFile = Main;
				INFOPLIST_KEY_NSPrincipalClass = NSApplication;
				LD_RUNPATH_SEARCH_PATHS = (
					"$(inherited)",
					"@executable_path/../Frameworks",
				);
				MARKETING_VERSION = 1.0;
				PRODUCT_BUNDLE_IDENTIFIER = com.wuttup.QuestionAnswererObjc;
				PRODUCT_NAME = "$(TARGET_NAME)";
				SWIFT_EMIT_LOC_STRINGS = YES;
			};
			name = Release;
		};
/* End XCBuildConfiguration section */

/* Begin XCConfigurationList section */
		E44803B62C831F58000E144B /* Build configuration list for PBXProject "QuestionAnswererObjc" */ = {
			isa = XCConfigurationList;
			buildConfigurations = (
				E44803CC2C831F5A000E144B /* Debug */,
				E44803CD2C831F5A000E144B /* Release */,
			);
			defaultConfigurationIsVisible = 0;
			defaultConfigurationName = Release;
		};
		E44803CE2C831F5A000E144B /* Build configuration list for PBXNativeTarget "QuestionAnswererObjc" */ = {
			isa = XCConfigurationList;
			buildConfigurations = (
				E44803CF2C831F5A000E144B /* Debug */,
				E44803D02C831F5A000E144B /* Release */,
			);
			defaultConfigurationIsVisible = 0;
			defaultConfigurationName = Release;
		};
/* End XCConfigurationList section */

/* Begin XCLocalSwiftPackageReference section */
		E4A10C562C85A5F200E5055C /* XCLocalSwiftPackageReference "../QuestionKit" */ = {
			isa = XCLocalSwiftPackageReference;
			relativePath = ../QuestionKit;
		};
/* End XCLocalSwiftPackageReference section */

/* Begin XCSwiftPackageProductDependency section */
		E4A10C5A2C85AC1B00E5055C /* QuestionKitObjc */ = {
			isa = XCSwiftPackageProductDependency;
			package = E4A10C562C85A5F200E5055C /* XCLocalSwiftPackageReference "../QuestionKit" */;
			productName = QuestionKitObjc;
		};
/* End XCSwiftPackageProductDependency section */
	};
	rootObject = E44803B32C831F58000E144B /* Project object */;
}
